
Microsoft Visual Studio Solution File, Format Version 12.00
# Visual Studio 15
VisualStudioVersion = 15.0.28307.572
MinimumVisualStudioVersion = 10.0.40219.1
Project("{FAE04EC0-301F-11D3-BF4B-00C04F79EFBC}") = "KenakataApp", "KenakataApp\KenakataApp.csproj", "{F2834E52-46FB-4AC3-8BC8-BE1ABD51B797}"
EndProject
Global
	GlobalSection(SolutionConfigurationPlatforms) = preSolution
		Debug|Any CPU = Debug|Any CPU
		Release|Any CPU = Release|Any CPU
	EndGlobalSection
	GlobalSection(ProjectConfigurationPlatforms) = postSolution
		{F2834E52-46FB-4AC3-8BC8-BE1ABD51B797}.Debug|Any CPU.ActiveCfg = Debug|Any CPU
		{F2834E52-46FB-4AC3-8BC8-BE1ABD51B797}.Debug|Any CPU.Build.0 = Debug|Any CPU
		{F2834E52-46FB-4AC3-8BC8-BE1ABD51B797}.Release|Any CPU.ActiveCfg = Release|Any CPU
		{F2834E52-46FB-4AC3-8BC8-BE1ABD51B797}.Release|Any CPU.Build.0 = Release|Any CPU
	EndGlobalSection
	GlobalSection(SolutionProperties) = preSolution
		HideSolutionNode = FALSE
	EndGlobalSection
	GlobalSection(ExtensibilityGlobals) = postSolution
		SolutionGuid = {3E930CF1-4148-4F82-AEC0-6C24224CF499}
	EndGlobalSection
EndGlobal
